
Microsoft Visual Studio Solution File, Format Version 12.00
# Visual Studio Version 16
VisualStudioVersion = 16.0.32929.386
MinimumVisualStudioVersion = 10.0.40219.1
Project("{9A19103F-16F7-4668-BE54-9A1E7A4F7556}") = "InstitueProject", "InstitueProject\InstitueProject.csproj", "{D0DD7D9C-14FC-489B-A41E-80BC98C0581B}"
EndProject
Project("{9A19103F-16F7-4668-BE54-9A1E7A4F7556}") = "Institue.Core", "Institue.Core\Institue.Core.csproj", "{8CA3F69F-3EBF-481E-8536-5A58DF447DAF}"
EndProject
Project("{9A19103F-16F7-4668-BE54-9A1E7A4F7556}") = "Institue.DataLayer", "Institue.DataLayer\Institue.DataLayer.csproj", "{0F034169-3B3C-48A1-9982-21A6B1FF5425}"
EndProject
Global
	GlobalSection(SolutionConfigurationPlatforms) = preSolution
		Debug|Any CPU = Debug|Any CPU
		Release|Any CPU = Release|Any CPU
	EndGlobalSection
	GlobalSection(ProjectConfigurationPlatforms) = postSolution
		{D0DD7D9C-14FC-489B-A41E-80BC98C0581B}.Debug|Any CPU.ActiveCfg = Debug|Any CPU
		{D0DD7D9C-14FC-489B-A41E-80BC98C0581B}.Debug|Any CPU.Build.0 = Debug|Any CPU
		{D0DD7D9C-14FC-489B-A41E-80BC98C0581B}.Release|Any CPU.ActiveCfg = Release|Any CPU
		{D0DD7D9C-14FC-489B-A41E-80BC98C0581B}.Release|Any CPU.Build.0 = Release|Any CPU
		{8CA3F69F-3EBF-481E-8536-5A58DF447DAF}.Debug|Any CPU.ActiveCfg = Debug|Any CPU
		{8CA3F69F-3EBF-481E-8536-5A58DF447DAF}.Debug|Any CPU.Build.0 = Debug|Any CPU
		{8CA3F69F-3EBF-481E-8536-5A58DF447DAF}.Release|Any CPU.ActiveCfg = Release|Any CPU
		{8CA3F69F-3EBF-481E-8536-5A58DF447DAF}.Release|Any CPU.Build.0 = Release|Any CPU
		{0F034169-3B3C-48A1-9982-21A6B1FF5425}.Debug|Any CPU.ActiveCfg = Debug|Any CPU
		{0F034169-3B3C-48A1-9982-21A6B1FF5425}.Debug|Any CPU.Build.0 = Debug|Any CPU
		{0F034169-3B3C-48A1-9982-21A6B1FF5425}.Release|Any CPU.ActiveCfg = Release|Any CPU
		{0F034169-3B3C-48A1-9982-21A6B1FF5425}.Release|Any CPU.Build.0 = Release|Any CPU
	EndGlobalSection
	GlobalSection(SolutionProperties) = preSolution
		HideSolutionNode = FALSE
	EndGlobalSection
	GlobalSection(ExtensibilityGlobals) = postSolution
		SolutionGuid = {EBD61960-8D37-40B6-A800-F3337757585D}
	EndGlobalSection
EndGlobal
